
Microsoft Visual Studio Solution File, Format Version 11.00
# Visual Studio 2010
Project("{FAE04EC0-301F-11D3-BF4B-00C04F79EFBC}") = "Assembly-CSharp-firstpass", "Assembly-CSharp-firstpass.csproj", "{1cb09f75-6830-8ffa-b9e8-bb3d6bb8ecae}"
EndProject
Project("{FAE04EC0-301F-11D3-BF4B-00C04F79EFBC}") = "NavMeshComponentsExamples", "NavMeshComponentsExamples.csproj", "{0c9c57c1-9c40-9163-be9d-a064b579359d}"
EndProject
Project("{FAE04EC0-301F-11D3-BF4B-00C04F79EFBC}") = "NavMeshComponents", "NavMeshComponents.csproj", "{70e3d9bf-2582-7282-702e-ab6d774c58d9}"
EndProject
Project("{FAE04EC0-301F-11D3-BF4B-00C04F79EFBC}") = "Assembly-CSharp", "Assembly-CSharp.csproj", "{5619bea2-ed62-f0df-ce11-a6955f3e05a7}"
EndProject
Project("{FAE04EC0-301F-11D3-BF4B-00C04F79EFBC}") = "NavMeshComponentsTestsPlaymode", "NavMeshComponentsTestsPlaymode.csproj", "{e420e8da-c840-b704-8c6b-e4756b80bcbf}"
EndProject
Project("{FAE04EC0-301F-11D3-BF4B-00C04F79EFBC}") = "Assembly-CSharp-Editor-firstpass", "Assembly-CSharp-Editor-firstpass.csproj", "{9d428d86-2663-7fe7-6541-9f569404164c}"
EndProject
Project("{FAE04EC0-301F-11D3-BF4B-00C04F79EFBC}") = "NavMeshComponentsEditor", "NavMeshComponentsEditor.csproj", "{b2a70770-4a27-94ff-9935-c0cedc764759}"
EndProject
Project("{FAE04EC0-301F-11D3-BF4B-00C04F79EFBC}") = "NavMeshComponentsTestsEditmode", "NavMeshComponentsTestsEditmode.csproj", "{63cc58d4-f5ae-a33f-7b7a-3e24e6ad5819}"
EndProject
Project("{FAE04EC0-301F-11D3-BF4B-00C04F79EFBC}") = "NavMeshComponentsExamplesEditor", "NavMeshComponentsExamplesEditor.csproj", "{30eb9133-92d0-1de3-9266-25079f7dee38}"
EndProject
Global
	GlobalSection(SolutionConfigurationPlatforms) = preSolution
		Debug|Any CPU = Debug|Any CPU
	EndGlobalSection
	GlobalSection(ProjectConfigurationPlatforms) = postSolution
		{1cb09f75-6830-8ffa-b9e8-bb3d6bb8ecae}.Debug|Any CPU.ActiveCfg = Debug|Any CPU
		{1cb09f75-6830-8ffa-b9e8-bb3d6bb8ecae}.Debug|Any CPU.Build.0 = Debug|Any CPU
		{0c9c57c1-9c40-9163-be9d-a064b579359d}.Debug|Any CPU.ActiveCfg = Debug|Any CPU
		{0c9c57c1-9c40-9163-be9d-a064b579359d}.Debug|Any CPU.Build.0 = Debug|Any CPU
		{70e3d9bf-2582-7282-702e-ab6d774c58d9}.Debug|Any CPU.ActiveCfg = Debug|Any CPU
		{70e3d9bf-2582-7282-702e-ab6d774c58d9}.Debug|Any CPU.Build.0 = Debug|Any CPU
		{5619bea2-ed62-f0df-ce11-a6955f3e05a7}.Debug|Any CPU.ActiveCfg = Debug|Any CPU
		{5619bea2-ed62-f0df-ce11-a6955f3e05a7}.Debug|Any CPU.Build.0 = Debug|Any CPU
		{e420e8da-c840-b704-8c6b-e4756b80bcbf}.Debug|Any CPU.ActiveCfg = Debug|Any CPU
		{e420e8da-c840-b704-8c6b-e4756b80bcbf}.Debug|Any CPU.Build.0 = Debug|Any CPU
		{9d428d86-2663-7fe7-6541-9f569404164c}.Debug|Any CPU.ActiveCfg = Debug|Any CPU
		{9d428d86-2663-7fe7-6541-9f569404164c}.Debug|Any CPU.Build.0 = Debug|Any CPU
		{b2a70770-4a27-94ff-9935-c0cedc764759}.Debug|Any CPU.ActiveCfg = Debug|Any CPU
		{b2a70770-4a27-94ff-9935-c0cedc764759}.Debug|Any CPU.Build.0 = Debug|Any CPU
		{63cc58d4-f5ae-a33f-7b7a-3e24e6ad5819}.Debug|Any CPU.ActiveCfg = Debug|Any CPU
		{63cc58d4-f5ae-a33f-7b7a-3e24e6ad5819}.Debug|Any CPU.Build.0 = Debug|Any CPU
		{30eb9133-92d0-1de3-9266-25079f7dee38}.Debug|Any CPU.ActiveCfg = Debug|Any CPU
		{30eb9133-92d0-1de3-9266-25079f7dee38}.Debug|Any CPU.Build.0 = Debug|Any CPU
	EndGlobalSection
	GlobalSection(SolutionProperties) = preSolution
		HideSolutionNode = FALSE
	EndGlobalSection
EndGlobal
